
Microsoft Visual Studio Solution File, Format Version 10.00
# Visual Studio 2008
Project("{FAE04EC0-301F-11D3-BF4B-00C04F79EFBC}") = "ProgrammersClock", "ProgrammersClock\ProgrammersClock.csproj", "{EBFFE771-1D8A-4E50-8727-8D0E1AF003AC}"
EndProject
Global
	GlobalSection(SolutionConfigurationPlatforms) = preSolution
		Debug|Any CPU = Debug|Any CPU
		Release|Any CPU = Release|Any CPU
	EndGlobalSection
	GlobalSection(ProjectConfigurationPlatforms) = postSolution
		{EBFFE771-1D8A-4E50-8727-8D0E1AF003AC}.Debug|Any CPU.ActiveCfg = Debug|Any CPU
		{EBFFE771-1D8A-4E50-8727-8D0E1AF003AC}.Debug|Any CPU.Build.0 = Debug|Any CPU
		{EBFFE771-1D8A-4E50-8727-8D0E1AF003AC}.Release|Any CPU.ActiveCfg = Release|Any CPU
		{EBFFE771-1D8A-4E50-8727-8D0E1AF003AC}.Release|Any CPU.Build.0 = Release|Any CPU
	EndGlobalSection
	GlobalSection(SolutionProperties) = preSolution
		HideSolutionNode = FALSE
	EndGlobalSection
EndGlobal
